
Microsoft Visual Studio Solution File, Format Version 12.00
# Visual Studio Version 16
VisualStudioVersion = 16.0.29209.152
MinimumVisualStudioVersion = 10.0.40219.1
Project("{FAE04EC0-301F-11D3-BF4B-00C04F79EFBC}") = "JourneyChallenge", "JourneyChallenge\JourneyChallenge.csproj", "{811CF6AF-0A3F-4FC1-AE50-54A2145EF374}"
EndProject
Global
	GlobalSection(SolutionConfigurationPlatforms) = preSolution
		Debug|Any CPU = Debug|Any CPU
		Release|Any CPU = Release|Any CPU
	EndGlobalSection
	GlobalSection(ProjectConfigurationPlatforms) = postSolution
		{811CF6AF-0A3F-4FC1-AE50-54A2145EF374}.Debug|Any CPU.ActiveCfg = Debug|Any CPU
		{811CF6AF-0A3F-4FC1-AE50-54A2145EF374}.Debug|Any CPU.Build.0 = Debug|Any CPU
		{811CF6AF-0A3F-4FC1-AE50-54A2145EF374}.Release|Any CPU.ActiveCfg = Release|Any CPU
		{811CF6AF-0A3F-4FC1-AE50-54A2145EF374}.Release|Any CPU.Build.0 = Release|Any CPU
	EndGlobalSection
	GlobalSection(SolutionProperties) = preSolution
		HideSolutionNode = FALSE
	EndGlobalSection
	GlobalSection(ExtensibilityGlobals) = postSolution
		SolutionGuid = {52F0AA59-4ED8-4552-9E2B-0C9068D45350}
	EndGlobalSection
EndGlobal
